
Microsoft Visual Studio Solution File, Format Version 12.00
# Visual Studio 15
VisualStudioVersion = 15.0.25914.0
MinimumVisualStudioVersion = 10.0.40219.1
Project("{2150E333-8FDC-42A3-9474-1A3956D46DE8}") = "src", "src", "{7C62F224-D4B8-4632-BD1C-1BAA1BBA0843}"
EndProject
Project("{FAE04EC0-301F-11D3-BF4B-00C04F79EFBC}") = "tagur", "src\tagur\tagur.csproj", "{F101E4D7-87FB-417C-A789-88EFD1C095B1}"
EndProject
Project("{2150E333-8FDC-42A3-9474-1A3956D46DE8}") = "Solution Items", "Solution Items", "{4D62782A-534E-4999-B6C8-BA5BE9A378F2}"
EndProject
Global
	GlobalSection(SolutionConfigurationPlatforms) = preSolution
		Debug|Any CPU = Debug|Any CPU
		Release|Any CPU = Release|Any CPU
	EndGlobalSection
	GlobalSection(ProjectConfigurationPlatforms) = postSolution
		{F101E4D7-87FB-417C-A789-88EFD1C095B1}.Debug|Any CPU.ActiveCfg = Debug|Any CPU
		{F101E4D7-87FB-417C-A789-88EFD1C095B1}.Debug|Any CPU.Build.0 = Debug|Any CPU
		{F101E4D7-87FB-417C-A789-88EFD1C095B1}.Release|Any CPU.ActiveCfg = Release|Any CPU
		{F101E4D7-87FB-417C-A789-88EFD1C095B1}.Release|Any CPU.Build.0 = Release|Any CPU
	EndGlobalSection
	GlobalSection(SolutionProperties) = preSolution
		HideSolutionNode = FALSE
	EndGlobalSection
	GlobalSection(NestedProjects) = preSolution
		{F101E4D7-87FB-417C-A789-88EFD1C095B1} = {7C62F224-D4B8-4632-BD1C-1BAA1BBA0843}
	EndGlobalSection
EndGlobal
